
Microsoft Visual Studio Solution File, Format Version 12.00
Project("{2150E333-8FDC-42A3-9474-1A3956D46DE8}") = "Presentation", "Presentation", "{7D9BC64C-A968-446D-80F4-27C03366ABF3}"
EndProject
Project("{FAE04EC0-301F-11D3-BF4B-00C04F79EFBC}") = "API", "API\API.csproj", "{1B707614-AD01-4EAF-AF21-3BE925602830}"
EndProject
Project("{2150E333-8FDC-42A3-9474-1A3956D46DE8}") = "Core", "Core", "{9D25D7D9-7E32-4E92-A737-58784770DA3D}"
EndProject
Project("{2150E333-8FDC-42A3-9474-1A3956D46DE8}") = "Infrastructure", "Infrastructure", "{BAB86E46-0570-45A2-834E-7871A5917EB2}"
EndProject
Project("{2150E333-8FDC-42A3-9474-1A3956D46DE8}") = "Shared", "Shared", "{3254FB1C-17CD-4610-A1BD-80FB6B632DB1}"
EndProject
Project("{FAE04EC0-301F-11D3-BF4B-00C04F79EFBC}") = "Havillah.ApplicationServices", "Havillah.ApplicationServices\Havillah.ApplicationServices.csproj", "{B3812325-F1D2-49A3-9548-EC4A7E98F260}"
EndProject
Project("{FAE04EC0-301F-11D3-BF4B-00C04F79EFBC}") = "Havillah.Core", "Havillah.Core\Havillah.Core.csproj", "{9998EE04-25B4-4494-BB1E-154B873D1959}"
EndProject
Project("{FAE04EC0-301F-11D3-BF4B-00C04F79EFBC}") = "Havillah.Infrasructure", "Havillah.Infrasructure\Havillah.Infrasructure.csproj", "{66DFE785-AF25-4F5F-A696-41BB054BE630}"
EndProject
Project("{FAE04EC0-301F-11D3-BF4B-00C04F79EFBC}") = "Havillah.Persistence", "Havillah.Persistence\Havillah.Persistence.csproj", "{40773C4E-027C-44EB-B9D1-99CA2CB73A10}"
EndProject
Global
	GlobalSection(SolutionConfigurationPlatforms) = preSolution
		Debug|Any CPU = Debug|Any CPU
		Release|Any CPU = Release|Any CPU
	EndGlobalSection
	GlobalSection(NestedProjects) = preSolution
		{1B707614-AD01-4EAF-AF21-3BE925602830} = {7D9BC64C-A968-446D-80F4-27C03366ABF3}
		{B3812325-F1D2-49A3-9548-EC4A7E98F260} = {9D25D7D9-7E32-4E92-A737-58784770DA3D}
		{9998EE04-25B4-4494-BB1E-154B873D1959} = {9D25D7D9-7E32-4E92-A737-58784770DA3D}
		{66DFE785-AF25-4F5F-A696-41BB054BE630} = {BAB86E46-0570-45A2-834E-7871A5917EB2}
		{40773C4E-027C-44EB-B9D1-99CA2CB73A10} = {BAB86E46-0570-45A2-834E-7871A5917EB2}
	EndGlobalSection
	GlobalSection(ProjectConfigurationPlatforms) = postSolution
		{1B707614-AD01-4EAF-AF21-3BE925602830}.Debug|Any CPU.ActiveCfg = Debug|Any CPU
		{1B707614-AD01-4EAF-AF21-3BE925602830}.Debug|Any CPU.Build.0 = Debug|Any CPU
		{1B707614-AD01-4EAF-AF21-3BE925602830}.Release|Any CPU.ActiveCfg = Release|Any CPU
		{1B707614-AD01-4EAF-AF21-3BE925602830}.Release|Any CPU.Build.0 = Release|Any CPU
		{B3812325-F1D2-49A3-9548-EC4A7E98F260}.Debug|Any CPU.ActiveCfg = Debug|Any CPU
		{B3812325-F1D2-49A3-9548-EC4A7E98F260}.Debug|Any CPU.Build.0 = Debug|Any CPU
		{B3812325-F1D2-49A3-9548-EC4A7E98F260}.Release|Any CPU.ActiveCfg = Release|Any CPU
		{B3812325-F1D2-49A3-9548-EC4A7E98F260}.Release|Any CPU.Build.0 = Release|Any CPU
		{9998EE04-25B4-4494-BB1E-154B873D1959}.Debug|Any CPU.ActiveCfg = Debug|Any CPU
		{9998EE04-25B4-4494-BB1E-154B873D1959}.Debug|Any CPU.Build.0 = Debug|Any CPU
		{9998EE04-25B4-4494-BB1E-154B873D1959}.Release|Any CPU.ActiveCfg = Release|Any CPU
		{9998EE04-25B4-4494-BB1E-154B873D1959}.Release|Any CPU.Build.0 = Release|Any CPU
		{66DFE785-AF25-4F5F-A696-41BB054BE630}.Debug|Any CPU.ActiveCfg = Debug|Any CPU
		{66DFE785-AF25-4F5F-A696-41BB054BE630}.Debug|Any CPU.Build.0 = Debug|Any CPU
		{66DFE785-AF25-4F5F-A696-41BB054BE630}.Release|Any CPU.ActiveCfg = Release|Any CPU
		{66DFE785-AF25-4F5F-A696-41BB054BE630}.Release|Any CPU.Build.0 = Release|Any CPU
		{40773C4E-027C-44EB-B9D1-99CA2CB73A10}.Debug|Any CPU.ActiveCfg = Debug|Any CPU
		{40773C4E-027C-44EB-B9D1-99CA2CB73A10}.Debug|Any CPU.Build.0 = Debug|Any CPU
		{40773C4E-027C-44EB-B9D1-99CA2CB73A10}.Release|Any CPU.ActiveCfg = Release|Any CPU
		{40773C4E-027C-44EB-B9D1-99CA2CB73A10}.Release|Any CPU.Build.0 = Release|Any CPU
	EndGlobalSection
EndGlobal
